
Microsoft Visual Studio Solution File, Format Version 12.00
# Visual Studio Version 16
VisualStudioVersion = 16.0.30611.23
MinimumVisualStudioVersion = 10.0.40219.1
Project("{FAE04EC0-301F-11D3-BF4B-00C04F79EFBC}") = "LoginValidation", "LoginValidation\LoginValidation.csproj", "{A39E4299-A69F-402C-A7F4-E0CDB5A68118}"
EndProject
Global
	GlobalSection(SolutionConfigurationPlatforms) = preSolution
		Debug|Any CPU = Debug|Any CPU
		Release|Any CPU = Release|Any CPU
	EndGlobalSection
	GlobalSection(ProjectConfigurationPlatforms) = postSolution
		{A39E4299-A69F-402C-A7F4-E0CDB5A68118}.Debug|Any CPU.ActiveCfg = Debug|Any CPU
		{A39E4299-A69F-402C-A7F4-E0CDB5A68118}.Debug|Any CPU.Build.0 = Debug|Any CPU
		{A39E4299-A69F-402C-A7F4-E0CDB5A68118}.Release|Any CPU.ActiveCfg = Release|Any CPU
		{A39E4299-A69F-402C-A7F4-E0CDB5A68118}.Release|Any CPU.Build.0 = Release|Any CPU
	EndGlobalSection
	GlobalSection(SolutionProperties) = preSolution
		HideSolutionNode = FALSE
	EndGlobalSection
	GlobalSection(ExtensibilityGlobals) = postSolution
		SolutionGuid = {ADCE79DF-0AF9-4B0D-BBE6-5F7A786D1E9A}
	EndGlobalSection
EndGlobal
